
Microsoft Visual Studio Solution File, Format Version 12.00
# Visual Studio Version 17
VisualStudioVersion = 17.9.34622.214
MinimumVisualStudioVersion = 10.0.40219.1
Project("{9A19103F-16F7-4668-BE54-9A1E7A4F7556}") = "ECommerce.Api.Products", "ECommerce.Api.Products\ECommerce.Api.Products.csproj", "{75668FDD-F656-4A85-8E53-0DDAD57B416D}"
EndProject
Project("{9A19103F-16F7-4668-BE54-9A1E7A4F7556}") = "ECommerce.Api.Customers", "ECommerce.Api.Customers\ECommerce.Api.Customers.csproj", "{D9876525-A415-4AAA-A583-AABA7E3F73B2}"
EndProject
Project("{9A19103F-16F7-4668-BE54-9A1E7A4F7556}") = "ECommerce.Api.Orders", "ECommerce.Api.Orders\ECommerce.Api.Orders.csproj", "{6B96219F-E3A0-40DA-B458-4A22489064D9}"
EndProject
Project("{9A19103F-16F7-4668-BE54-9A1E7A4F7556}") = "ECommerce.Api.Search", "ECommerce.Api.Search\ECommerce.Api.Search.csproj", "{AE1242CC-7183-43BF-8E33-526FEB3A99EF}"
EndProject
Project("{FAE04EC0-301F-11D3-BF4B-00C04F79EFBC}") = "ECommerce.Api.Products.Tests", "ECommerce.Api.Products.Tests\ECommerce.Api.Products.Tests.csproj", "{4C88B6D1-A9FF-42A1-9A86-66862EED1136}"
EndProject
Global
	GlobalSection(SolutionConfigurationPlatforms) = preSolution
		Debug|Any CPU = Debug|Any CPU
		Release|Any CPU = Release|Any CPU
	EndGlobalSection
	GlobalSection(ProjectConfigurationPlatforms) = postSolution
		{75668FDD-F656-4A85-8E53-0DDAD57B416D}.Debug|Any CPU.ActiveCfg = Debug|Any CPU
		{75668FDD-F656-4A85-8E53-0DDAD57B416D}.Debug|Any CPU.Build.0 = Debug|Any CPU
		{75668FDD-F656-4A85-8E53-0DDAD57B416D}.Release|Any CPU.ActiveCfg = Release|Any CPU
		{75668FDD-F656-4A85-8E53-0DDAD57B416D}.Release|Any CPU.Build.0 = Release|Any CPU
		{D9876525-A415-4AAA-A583-AABA7E3F73B2}.Debug|Any CPU.ActiveCfg = Debug|Any CPU
		{D9876525-A415-4AAA-A583-AABA7E3F73B2}.Debug|Any CPU.Build.0 = Debug|Any CPU
		{D9876525-A415-4AAA-A583-AABA7E3F73B2}.Release|Any CPU.ActiveCfg = Release|Any CPU
		{D9876525-A415-4AAA-A583-AABA7E3F73B2}.Release|Any CPU.Build.0 = Release|Any CPU
		{6B96219F-E3A0-40DA-B458-4A22489064D9}.Debug|Any CPU.ActiveCfg = Debug|Any CPU
		{6B96219F-E3A0-40DA-B458-4A22489064D9}.Debug|Any CPU.Build.0 = Debug|Any CPU
		{6B96219F-E3A0-40DA-B458-4A22489064D9}.Release|Any CPU.ActiveCfg = Release|Any CPU
		{6B96219F-E3A0-40DA-B458-4A22489064D9}.Release|Any CPU.Build.0 = Release|Any CPU
		{AE1242CC-7183-43BF-8E33-526FEB3A99EF}.Debug|Any CPU.ActiveCfg = Debug|Any CPU
		{AE1242CC-7183-43BF-8E33-526FEB3A99EF}.Debug|Any CPU.Build.0 = Debug|Any CPU
		{AE1242CC-7183-43BF-8E33-526FEB3A99EF}.Release|Any CPU.ActiveCfg = Release|Any CPU
		{AE1242CC-7183-43BF-8E33-526FEB3A99EF}.Release|Any CPU.Build.0 = Release|Any CPU
		{4C88B6D1-A9FF-42A1-9A86-66862EED1136}.Debug|Any CPU.ActiveCfg = Debug|Any CPU
		{4C88B6D1-A9FF-42A1-9A86-66862EED1136}.Debug|Any CPU.Build.0 = Debug|Any CPU
		{4C88B6D1-A9FF-42A1-9A86-66862EED1136}.Release|Any CPU.ActiveCfg = Release|Any CPU
		{4C88B6D1-A9FF-42A1-9A86-66862EED1136}.Release|Any CPU.Build.0 = Release|Any CPU
	EndGlobalSection
	GlobalSection(SolutionProperties) = preSolution
		HideSolutionNode = FALSE
	EndGlobalSection
	GlobalSection(ExtensibilityGlobals) = postSolution
		SolutionGuid = {9D2655AB-BF59-41A5-9987-B6D1F30EB25B}
	EndGlobalSection
EndGlobal
